
Microsoft Visual Studio Solution File, Format Version 12.00
# Visual Studio 14
VisualStudioVersion = 14.0.25123.0
MinimumVisualStudioVersion = 10.0.40219.1
Project("{FC65038C-1B2F-41E1-A629-BED71D161FFF}") = "DynamicsAXProject1 (USR) [Development7]", "DynamicsAXProject1\DynamicsAXProject1.rnrproj", "{86096E89-8CAA-4D26-893A-174699DB0D63}"
EndProject
Global
	GlobalSection(SolutionConfigurationPlatforms) = preSolution
		Debug|Any CPU = Debug|Any CPU
	EndGlobalSection
	GlobalSection(ProjectConfigurationPlatforms) = postSolution
		{86096E89-8CAA-4D26-893A-174699DB0D63}.Debug|Any CPU.ActiveCfg = Debug|Any CPU
		{86096E89-8CAA-4D26-893A-174699DB0D63}.Debug|Any CPU.Build.0 = Debug|Any CPU
	EndGlobalSection
	GlobalSection(SolutionProperties) = preSolution
		HideSolutionNode = FALSE
	EndGlobalSection
EndGlobal
